uuid: 8e2af997-3aee-4c5d-956a-aa9c77e77c4a
langcode: en
status: true
dependencies:
  content:
    - 'block_content:basic:127ffbd1-28b4-4801-8a13-4b284c887d2a'
  module:
    - block_content
  theme:
    - bartik
id: footercustomblock
theme: bartik
region: footer_first
weight: 0
provider: null
plugin: 'block_content:127ffbd1-28b4-4801-8a13-4b284c887d2a'
settings:
  id: 'block_content:127ffbd1-28b4-4801-8a13-4b284c887d2a'
  label: 'Footer custom block'
  provider: block_content
  label_display: visible
  status: true
  info: ''
  view_mode: full
visibility: {  }
